{
  "name": "@kiriketsuki/chrysaki-pi",
  "version": "1.0.0",
  "lockfileVersion": 3,
  "requires": true,
  "packages": {
    "": {
      "name": "@kiriketsuki/chrysaki-pi",
      "version": "1.0.0",
      "license": "MIT",
      "dependencies": {
        "@kiriketsuki/chrysaki-core": "github:Kiriketsuki/chrysaki-core#v1.0.0"
      },
      "engines": {
        "node": ">=20"
      }
    },
    "node_modules/@kiriketsuki/chrysaki-core": {
      "version": "1.0.0",
      "resolved": "git+ssh://git@github.com/Kiriketsuki/chrysaki-core.git#53748c558fa260dfe1a7b7490fd79bbf1f6e5ba4",
      "license": "MIT",
      "engines": {
        "node": ">=20"
      }
    }
  }
}
